
Microsoft Visual Studio Solution File, Format Version 12.00
# Visual Studio Version 17
VisualStudioVersion = 17.14.36109.1 d17.14
MinimumVisualStudioVersion = 10.0.40219.1
Project("{FAE04EC0-301F-11D3-BF4B-00C04F79EFBC}") = "CelebApi", "celebs-api\CelebApi.csproj", "{0DF6F45C-51DE-4B37-BC53-C1314909434B}"
EndProject
Global
	GlobalSection(SolutionConfigurationPlatforms) = preSolution
		Debug|Any CPU = Debug|Any CPU
		Release|Any CPU = Release|Any CPU
	EndGlobalSection
	GlobalSection(ProjectConfigurationPlatforms) = postSolution
		{0DF6F45C-51DE-4B37-BC53-C1314909434B}.Debug|Any CPU.ActiveCfg = Debug|Any CPU
		{0DF6F45C-51DE-4B37-BC53-C1314909434B}.Debug|Any CPU.Build.0 = Debug|Any CPU
		{0DF6F45C-51DE-4B37-BC53-C1314909434B}.Release|Any CPU.ActiveCfg = Release|Any CPU
		{0DF6F45C-51DE-4B37-BC53-C1314909434B}.Release|Any CPU.Build.0 = Release|Any CPU
	EndGlobalSection
	GlobalSection(SolutionProperties) = preSolution
		HideSolutionNode = FALSE
	EndGlobalSection
	GlobalSection(ExtensibilityGlobals) = postSolution
		SolutionGuid = {A2DFD120-B731-40D2-A27E-48BA27737FFC}
	EndGlobalSection
EndGlobal
